
Microsoft Visual Studio Solution File, Format Version 12.00
# Visual Studio 14
VisualStudioVersion = 14.0.23107.0
MinimumVisualStudioVersion = 10.0.40219.1
Project("{FAE04EC0-301F-11D3-BF4B-00C04F79EFBC}") = "Salamander", "NEWT\Salamander.csproj", "{55D9743E-6F9B-4B89-B3DE-18B03C4CFE61}"
EndProject
Project("{FAE04EC0-301F-11D3-BF4B-00C04F79EFBC}") = "Salamander.RhinoCommon", "Newt.RhinoCommon\Salamander.RhinoCommon.csproj", "{EB529CBA-2AF1-4952-B0E8-8BAA1FE9FDE5}"
EndProject
Project("{FAE04EC0-301F-11D3-BF4B-00C04F79EFBC}") = "Salamander.Rhino", "Newt.Rhino\Salamander.Rhino.csproj", "{31EF1C91-653D-406D-A253-F39547C8F45A}"
	ProjectSection(ProjectDependencies) = postProject
		{6172F272-9DBD-427C-B858-186634C6FFED} = {6172F272-9DBD-427C-B858-186634C6FFED}
		{73C76479-4F9D-48E1-A4FE-203821FB800C} = {73C76479-4F9D-48E1-A4FE-203821FB800C}
		{77A7C389-8C84-411C-88AE-6E61340B1B00} = {77A7C389-8C84-411C-88AE-6E61340B1B00}
		{AEB92DAD-98FE-4709-A0C5-D115E4FB2B18} = {AEB92DAD-98FE-4709-A0C5-D115E4FB2B18}
	EndProjectSection
EndProject
Project("{FAE04EC0-301F-11D3-BF4B-00C04F79EFBC}") = "Salamander.UI", "Newt.UI\Salamander.UI.csproj", "{73C76479-4F9D-48E1-A4FE-203821FB800C}"
EndProject
Project("{FAE04EC0-301F-11D3-BF4B-00C04F79EFBC}") = "Salamander.Grasshopper", "Newt.Grasshopper\Salamander.Grasshopper.csproj", "{77A7C389-8C84-411C-88AE-6E61340B1B00}"
EndProject
Project("{FAE04EC0-301F-11D3-BF4B-00C04F79EFBC}") = "Salamander.BasicTools", "Newt.TestPlugin\Salamander.BasicTools.csproj", "{AEB92DAD-98FE-4709-A0C5-D115E4FB2B18}"
EndProject
Project("{FAE04EC0-301F-11D3-BF4B-00C04F79EFBC}") = "Salamander.BasicToolsGH", "TestPluginGH\Salamander.BasicToolsGH.csproj", "{6172F272-9DBD-427C-B858-186634C6FFED}"
EndProject
Project("{FAE04EC0-301F-11D3-BF4B-00C04F79EFBC}") = "Salamander.RobotIOPlugin", "Newt.RobotIOPlugin\Salamander.RobotIOPlugin.csproj", "{AA3A00FC-FC95-4BB5-B129-563B48F6DDBC}"
EndProject
Project("{FAE04EC0-301F-11D3-BF4B-00C04F79EFBC}") = "Salamander.Rhino.Import", "Salamander.Rhino.RobotImport\Salamander.Rhino.Import.csproj", "{F2201CF6-2166-4167-9138-21D6E3969571}"
EndProject
Project("{FAE04EC0-301F-11D3-BF4B-00C04F79EFBC}") = "Salamander.Revit", "Salamander.Revit\Salamander.Revit.csproj", "{D9307A44-9C1E-42D2-82B6-5342F2F95022}"
EndProject
Project("{FAE04EC0-301F-11D3-BF4B-00C04F79EFBC}") = "Salamander.Rhino.Export", "Salamander.Rhino.Export\Salamander.Rhino.Export.csproj", "{2CAEE355-2217-4A4E-A4FF-C44DCA32CC46}"
EndProject
Project("{FAE04EC0-301F-11D3-BF4B-00C04F79EFBC}") = "Nucleus", "..\..\Nucleus\Nucleus\Nucleus\Nucleus.csproj", "{5169F74F-0BCC-42BF-829F-277F36EF7677}"
EndProject
Project("{FAE04EC0-301F-11D3-BF4B-00C04F79EFBC}") = "Nucleus.Excel", "..\..\Nucleus\Nucleus\Nucleus.Excel\Nucleus.Excel.csproj", "{2AC145D8-6A21-475D-9594-9DCF81158C66}"
EndProject
Project("{FAE04EC0-301F-11D3-BF4B-00C04F79EFBC}") = "Nucleus.OpenTK", "..\..\Nucleus\Nucleus\Nucleus.OpenTK\Nucleus.OpenTK.csproj", "{F54B791D-425C-41DB-BE89-D2A4D0D362CB}"
EndProject
Project("{FAE04EC0-301F-11D3-BF4B-00C04F79EFBC}") = "Nucleus.Revit", "..\..\Nucleus\Nucleus\Nucleus.Revit\Nucleus.Revit.csproj", "{E71BD3FB-D27E-4654-BD77-CBCB5D9F7739}"
EndProject
Project("{FAE04EC0-301F-11D3-BF4B-00C04F79EFBC}") = "Nucleus.Rhino", "..\..\Nucleus\Nucleus\Nucleus.Rhino\Nucleus.Rhino.csproj", "{B35E7426-ABC5-45EA-B88F-055F970CE484}"
EndProject
Project("{FAE04EC0-301F-11D3-BF4B-00C04F79EFBC}") = "Nucleus.Robot", "..\..\Nucleus\Nucleus\Nucleus.Robot\Nucleus.Robot.csproj", "{ECA5186F-D2ED-4820-B207-880B2C4E02CA}"
EndProject
Project("{FAE04EC0-301F-11D3-BF4B-00C04F79EFBC}") = "Nucleus.WPF", "..\..\Nucleus\Nucleus\Nucleus.WPF\Nucleus.WPF.csproj", "{A882FC57-8608-48FF-8DAF-164507608623}"
EndProject
Global
	GlobalSection(SolutionConfigurationPlatforms) = preSolution
		Debug|Any CPU = Debug|Any CPU
		Debug32|Any CPU = Debug32|Any CPU
		Debug64|Any CPU = Debug64|Any CPU
		Release|Any CPU = Release|Any CPU
	EndGlobalSection
	GlobalSection(ProjectConfigurationPlatforms) = postSolution
		{55D9743E-6F9B-4B89-B3DE-18B03C4CFE61}.Debug|Any CPU.ActiveCfg = Debug|Any CPU
		{55D9743E-6F9B-4B89-B3DE-18B03C4CFE61}.Debug|Any CPU.Build.0 = Debug|Any CPU
		{55D9743E-6F9B-4B89-B3DE-18B03C4CFE61}.Debug32|Any CPU.ActiveCfg = Debug|Any CPU
		{55D9743E-6F9B-4B89-B3DE-18B03C4CFE61}.Debug32|Any CPU.Build.0 = Debug|Any CPU
		{55D9743E-6F9B-4B89-B3DE-18B03C4CFE61}.Debug64|Any CPU.ActiveCfg = Debug|Any CPU
		{55D9743E-6F9B-4B89-B3DE-18B03C4CFE61}.Debug64|Any CPU.Build.0 = Debug|Any CPU
		{55D9743E-6F9B-4B89-B3DE-18B03C4CFE61}.Release|Any CPU.ActiveCfg = Release|Any CPU
		{55D9743E-6F9B-4B89-B3DE-18B03C4CFE61}.Release|Any CPU.Build.0 = Release|Any CPU
		{EB529CBA-2AF1-4952-B0E8-8BAA1FE9FDE5}.Debug|Any CPU.ActiveCfg = Debug|Any CPU
		{EB529CBA-2AF1-4952-B0E8-8BAA1FE9FDE5}.Debug|Any CPU.Build.0 = Debug|Any CPU
		{EB529CBA-2AF1-4952-B0E8-8BAA1FE9FDE5}.Debug32|Any CPU.ActiveCfg = Debug|Any CPU
		{EB529CBA-2AF1-4952-B0E8-8BAA1FE9FDE5}.Debug32|Any CPU.Build.0 = Debug|Any CPU
		{EB529CBA-2AF1-4952-B0E8-8BAA1FE9FDE5}.Debug64|Any CPU.ActiveCfg = Debug|Any CPU
		{EB529CBA-2AF1-4952-B0E8-8BAA1FE9FDE5}.Debug64|Any CPU.Build.0 = Debug|Any CPU
		{EB529CBA-2AF1-4952-B0E8-8BAA1FE9FDE5}.Release|Any CPU.ActiveCfg = Release|Any CPU
		{EB529CBA-2AF1-4952-B0E8-8BAA1FE9FDE5}.Release|Any CPU.Build.0 = Release|Any CPU
		{31EF1C91-653D-406D-A253-F39547C8F45A}.Debug|Any CPU.ActiveCfg = Debug64|Any CPU
		{31EF1C91-653D-406D-A253-F39547C8F45A}.Debug|Any CPU.Build.0 = Debug64|Any CPU
		{31EF1C91-653D-406D-A253-F39547C8F45A}.Debug32|Any CPU.ActiveCfg = Debug32|Any CPU
		{31EF1C91-653D-406D-A253-F39547C8F45A}.Debug32|Any CPU.Build.0 = Debug32|Any CPU
		{31EF1C91-653D-406D-A253-F39547C8F45A}.Debug64|Any CPU.ActiveCfg = Debug64|Any CPU
		{31EF1C91-653D-406D-A253-F39547C8F45A}.Debug64|Any CPU.Build.0 = Debug64|Any CPU
		{31EF1C91-653D-406D-A253-F39547C8F45A}.Release|Any CPU.ActiveCfg = Release|Any CPU
		{31EF1C91-653D-406D-A253-F39547C8F45A}.Release|Any CPU.Build.0 = Release|Any CPU
		{73C76479-4F9D-48E1-A4FE-203821FB800C}.Debug|Any CPU.ActiveCfg = Debug|Any CPU
		{73C76479-4F9D-48E1-A4FE-203821FB800C}.Debug|Any CPU.Build.0 = Debug|Any CPU
		{73C76479-4F9D-48E1-A4FE-203821FB800C}.Debug32|Any CPU.ActiveCfg = Debug|Any CPU
		{73C76479-4F9D-48E1-A4FE-203821FB800C}.Debug32|Any CPU.Build.0 = Debug|Any CPU
		{73C76479-4F9D-48E1-A4FE-203821FB800C}.Debug64|Any CPU.ActiveCfg = Debug|Any CPU
		{73C76479-4F9D-48E1-A4FE-203821FB800C}.Debug64|Any CPU.Build.0 = Debug|Any CPU
		{73C76479-4F9D-48E1-A4FE-203821FB800C}.Release|Any CPU.ActiveCfg = Release|Any CPU
		{73C76479-4F9D-48E1-A4FE-203821FB800C}.Release|Any CPU.Build.0 = Release|Any CPU
		{77A7C389-8C84-411C-88AE-6E61340B1B00}.Debug|Any CPU.ActiveCfg = Debug64|Any CPU
		{77A7C389-8C84-411C-88AE-6E61340B1B00}.Debug|Any CPU.Build.0 = Debug64|Any CPU
		{77A7C389-8C84-411C-88AE-6E61340B1B00}.Debug32|Any CPU.ActiveCfg = Debug32|Any CPU
		{77A7C389-8C84-411C-88AE-6E61340B1B00}.Debug32|Any CPU.Build.0 = Debug32|Any CPU
		{77A7C389-8C84-411C-88AE-6E61340B1B00}.Debug64|Any CPU.ActiveCfg = Debug64|Any CPU
		{77A7C389-8C84-411C-88AE-6E61340B1B00}.Debug64|Any CPU.Build.0 = Debug64|Any CPU
		{77A7C389-8C84-411C-88AE-6E61340B1B00}.Release|Any CPU.ActiveCfg = Release|Any CPU
		{77A7C389-8C84-411C-88AE-6E61340B1B00}.Release|Any CPU.Build.0 = Release|Any CPU
		{AEB92DAD-98FE-4709-A0C5-D115E4FB2B18}.Debug|Any CPU.ActiveCfg = Debug|Any CPU
		{AEB92DAD-98FE-4709-A0C5-D115E4FB2B18}.Debug|Any CPU.Build.0 = Debug|Any CPU
		{AEB92DAD-98FE-4709-A0C5-D115E4FB2B18}.Debug32|Any CPU.ActiveCfg = Debug|Any CPU
		{AEB92DAD-98FE-4709-A0C5-D115E4FB2B18}.Debug32|Any CPU.Build.0 = Debug|Any CPU
		{AEB92DAD-98FE-4709-A0C5-D115E4FB2B18}.Debug64|Any CPU.ActiveCfg = Debug|Any CPU
		{AEB92DAD-98FE-4709-A0C5-D115E4FB2B18}.Debug64|Any CPU.Build.0 = Debug|Any CPU
		{AEB92DAD-98FE-4709-A0C5-D115E4FB2B18}.Release|Any CPU.ActiveCfg = Release|Any CPU
		{AEB92DAD-98FE-4709-A0C5-D115E4FB2B18}.Release|Any CPU.Build.0 = Release|Any CPU
		{6172F272-9DBD-427C-B858-186634C6FFED}.Debug|Any CPU.ActiveCfg = Debug64|Any CPU
		{6172F272-9DBD-427C-B858-186634C6FFED}.Debug|Any CPU.Build.0 = Debug64|Any CPU
		{6172F272-9DBD-427C-B858-186634C6FFED}.Debug32|Any CPU.ActiveCfg = Debug32|Any CPU
		{6172F272-9DBD-427C-B858-186634C6FFED}.Debug32|Any CPU.Build.0 = Debug32|Any CPU
		{6172F272-9DBD-427C-B858-186634C6FFED}.Debug64|Any CPU.ActiveCfg = Debug64|Any CPU
		{6172F272-9DBD-427C-B858-186634C6FFED}.Debug64|Any CPU.Build.0 = Debug64|Any CPU
		{6172F272-9DBD-427C-B858-186634C6FFED}.Release|Any CPU.ActiveCfg = Release|Any CPU
		{6172F272-9DBD-427C-B858-186634C6FFED}.Release|Any CPU.Build.0 = Release|Any CPU
		{AA3A00FC-FC95-4BB5-B129-563B48F6DDBC}.Debug|Any CPU.ActiveCfg = Debug|Any CPU
		{AA3A00FC-FC95-4BB5-B129-563B48F6DDBC}.Debug|Any CPU.Build.0 = Debug|Any CPU
		{AA3A00FC-FC95-4BB5-B129-563B48F6DDBC}.Debug32|Any CPU.ActiveCfg = Debug|Any CPU
		{AA3A00FC-FC95-4BB5-B129-563B48F6DDBC}.Debug32|Any CPU.Build.0 = Debug|Any CPU
		{AA3A00FC-FC95-4BB5-B129-563B48F6DDBC}.Debug64|Any CPU.ActiveCfg = Debug|Any CPU
		{AA3A00FC-FC95-4BB5-B129-563B48F6DDBC}.Debug64|Any CPU.Build.0 = Debug|Any CPU
		{AA3A00FC-FC95-4BB5-B129-563B48F6DDBC}.Release|Any CPU.ActiveCfg = Release|Any CPU
		{AA3A00FC-FC95-4BB5-B129-563B48F6DDBC}.Release|Any CPU.Build.0 = Release|Any CPU
		{F2201CF6-2166-4167-9138-21D6E3969571}.Debug|Any CPU.ActiveCfg = Debug64|Any CPU
		{F2201CF6-2166-4167-9138-21D6E3969571}.Debug|Any CPU.Build.0 = Debug64|Any CPU
		{F2201CF6-2166-4167-9138-21D6E3969571}.Debug32|Any CPU.ActiveCfg = Debug32|Any CPU
		{F2201CF6-2166-4167-9138-21D6E3969571}.Debug32|Any CPU.Build.0 = Debug32|Any CPU
		{F2201CF6-2166-4167-9138-21D6E3969571}.Debug64|Any CPU.ActiveCfg = Debug64|Any CPU
		{F2201CF6-2166-4167-9138-21D6E3969571}.Debug64|Any CPU.Build.0 = Debug64|Any CPU
		{F2201CF6-2166-4167-9138-21D6E3969571}.Release|Any CPU.ActiveCfg = Release|Any CPU
		{F2201CF6-2166-4167-9138-21D6E3969571}.Release|Any CPU.Build.0 = Release|Any CPU
		{D9307A44-9C1E-42D2-82B6-5342F2F95022}.Debug|Any CPU.ActiveCfg = Debug|Any CPU
		{D9307A44-9C1E-42D2-82B6-5342F2F95022}.Debug|Any CPU.Build.0 = Debug|Any CPU
		{D9307A44-9C1E-42D2-82B6-5342F2F95022}.Debug32|Any CPU.ActiveCfg = Debug|Any CPU
		{D9307A44-9C1E-42D2-82B6-5342F2F95022}.Debug32|Any CPU.Build.0 = Debug|Any CPU
		{D9307A44-9C1E-42D2-82B6-5342F2F95022}.Debug64|Any CPU.ActiveCfg = Debug|Any CPU
		{D9307A44-9C1E-42D2-82B6-5342F2F95022}.Debug64|Any CPU.Build.0 = Debug|Any CPU
		{D9307A44-9C1E-42D2-82B6-5342F2F95022}.Release|Any CPU.ActiveCfg = Release|Any CPU
		{D9307A44-9C1E-42D2-82B6-5342F2F95022}.Release|Any CPU.Build.0 = Release|Any CPU
		{2CAEE355-2217-4A4E-A4FF-C44DCA32CC46}.Debug|Any CPU.ActiveCfg = Debug64|Any CPU
		{2CAEE355-2217-4A4E-A4FF-C44DCA32CC46}.Debug|Any CPU.Build.0 = Debug64|Any CPU
		{2CAEE355-2217-4A4E-A4FF-C44DCA32CC46}.Debug32|Any CPU.ActiveCfg = Debug32|Any CPU
		{2CAEE355-2217-4A4E-A4FF-C44DCA32CC46}.Debug32|Any CPU.Build.0 = Debug32|Any CPU
		{2CAEE355-2217-4A4E-A4FF-C44DCA32CC46}.Debug64|Any CPU.ActiveCfg = Debug64|Any CPU
		{2CAEE355-2217-4A4E-A4FF-C44DCA32CC46}.Debug64|Any CPU.Build.0 = Debug64|Any CPU
		{2CAEE355-2217-4A4E-A4FF-C44DCA32CC46}.Release|Any CPU.ActiveCfg = Release|Any CPU
		{2CAEE355-2217-4A4E-A4FF-C44DCA32CC46}.Release|Any CPU.Build.0 = Release|Any CPU
		{5169F74F-0BCC-42BF-829F-277F36EF7677}.Debug|Any CPU.ActiveCfg = Debug|Any CPU
		{5169F74F-0BCC-42BF-829F-277F36EF7677}.Debug|Any CPU.Build.0 = Debug|Any CPU
		{5169F74F-0BCC-42BF-829F-277F36EF7677}.Debug32|Any CPU.ActiveCfg = Debug|Any CPU
		{5169F74F-0BCC-42BF-829F-277F36EF7677}.Debug32|Any CPU.Build.0 = Debug|Any CPU
		{5169F74F-0BCC-42BF-829F-277F36EF7677}.Debug64|Any CPU.ActiveCfg = Debug|Any CPU
		{5169F74F-0BCC-42BF-829F-277F36EF7677}.Debug64|Any CPU.Build.0 = Debug|Any CPU
		{5169F74F-0BCC-42BF-829F-277F36EF7677}.Release|Any CPU.ActiveCfg = Release|Any CPU
		{5169F74F-0BCC-42BF-829F-277F36EF7677}.Release|Any CPU.Build.0 = Release|Any CPU
		{2AC145D8-6A21-475D-9594-9DCF81158C66}.Debug|Any CPU.ActiveCfg = Debug|Any CPU
		{2AC145D8-6A21-475D-9594-9DCF81158C66}.Debug|Any CPU.Build.0 = Debug|Any CPU
		{2AC145D8-6A21-475D-9594-9DCF81158C66}.Debug32|Any CPU.ActiveCfg = Debug|Any CPU
		{2AC145D8-6A21-475D-9594-9DCF81158C66}.Debug32|Any CPU.Build.0 = Debug|Any CPU
		{2AC145D8-6A21-475D-9594-9DCF81158C66}.Debug64|Any CPU.ActiveCfg = Debug|Any CPU
		{2AC145D8-6A21-475D-9594-9DCF81158C66}.Debug64|Any CPU.Build.0 = Debug|Any CPU
		{2AC145D8-6A21-475D-9594-9DCF81158C66}.Release|Any CPU.ActiveCfg = Release|Any CPU
		{2AC145D8-6A21-475D-9594-9DCF81158C66}.Release|Any CPU.Build.0 = Release|Any CPU
		{F54B791D-425C-41DB-BE89-D2A4D0D362CB}.Debug|Any CPU.ActiveCfg = Debug|Any CPU
		{F54B791D-425C-41DB-BE89-D2A4D0D362CB}.Debug|Any CPU.Build.0 = Debug|Any CPU
		{F54B791D-425C-41DB-BE89-D2A4D0D362CB}.Debug32|Any CPU.ActiveCfg = Debug|Any CPU
		{F54B791D-425C-41DB-BE89-D2A4D0D362CB}.Debug32|Any CPU.Build.0 = Debug|Any CPU
		{F54B791D-425C-41DB-BE89-D2A4D0D362CB}.Debug64|Any CPU.ActiveCfg = Debug|Any CPU
		{F54B791D-425C-41DB-BE89-D2A4D0D362CB}.Debug64|Any CPU.Build.0 = Debug|Any CPU
		{F54B791D-425C-41DB-BE89-D2A4D0D362CB}.Release|Any CPU.ActiveCfg = Release|Any CPU
		{F54B791D-425C-41DB-BE89-D2A4D0D362CB}.Release|Any CPU.Build.0 = Release|Any CPU
		{E71BD3FB-D27E-4654-BD77-CBCB5D9F7739}.Debug|Any CPU.ActiveCfg = Debug|Any CPU
		{E71BD3FB-D27E-4654-BD77-CBCB5D9F7739}.Debug|Any CPU.Build.0 = Debug|Any CPU
		{E71BD3FB-D27E-4654-BD77-CBCB5D9F7739}.Debug32|Any CPU.ActiveCfg = Debug|Any CPU
		{E71BD3FB-D27E-4654-BD77-CBCB5D9F7739}.Debug32|Any CPU.Build.0 = Debug|Any CPU
		{E71BD3FB-D27E-4654-BD77-CBCB5D9F7739}.Debug64|Any CPU.ActiveCfg = Debug|Any CPU
		{E71BD3FB-D27E-4654-BD77-CBCB5D9F7739}.Debug64|Any CPU.Build.0 = Debug|Any CPU
		{E71BD3FB-D27E-4654-BD77-CBCB5D9F7739}.Release|Any CPU.ActiveCfg = Release|Any CPU
		{E71BD3FB-D27E-4654-BD77-CBCB5D9F7739}.Release|Any CPU.Build.0 = Release|Any CPU
		{B35E7426-ABC5-45EA-B88F-055F970CE484}.Debug|Any CPU.ActiveCfg = Debug|Any CPU
		{B35E7426-ABC5-45EA-B88F-055F970CE484}.Debug|Any CPU.Build.0 = Debug|Any CPU
		{B35E7426-ABC5-45EA-B88F-055F970CE484}.Debug32|Any CPU.ActiveCfg = Debug|Any CPU
		{B35E7426-ABC5-45EA-B88F-055F970CE484}.Debug32|Any CPU.Build.0 = Debug|Any CPU
		{B35E7426-ABC5-45EA-B88F-055F970CE484}.Debug64|Any CPU.ActiveCfg = Debug|Any CPU
		{B35E7426-ABC5-45EA-B88F-055F970CE484}.Debug64|Any CPU.Build.0 = Debug|Any CPU
		{B35E7426-ABC5-45EA-B88F-055F970CE484}.Release|Any CPU.ActiveCfg = Release|Any CPU
		{B35E7426-ABC5-45EA-B88F-055F970CE484}.Release|Any CPU.Build.0 = Release|Any CPU
		{ECA5186F-D2ED-4820-B207-880B2C4E02CA}.Debug|Any CPU.ActiveCfg = Debug|Any CPU
		{ECA5186F-D2ED-4820-B207-880B2C4E02CA}.Debug|Any CPU.Build.0 = Debug|Any CPU
		{ECA5186F-D2ED-4820-B207-880B2C4E02CA}.Debug32|Any CPU.ActiveCfg = Debug|Any CPU
		{ECA5186F-D2ED-4820-B207-880B2C4E02CA}.Debug32|Any CPU.Build.0 = Debug|Any CPU
		{ECA5186F-D2ED-4820-B207-880B2C4E02CA}.Debug64|Any CPU.ActiveCfg = Debug|Any CPU
		{ECA5186F-D2ED-4820-B207-880B2C4E02CA}.Debug64|Any CPU.Build.0 = Debug|Any CPU
		{ECA5186F-D2ED-4820-B207-880B2C4E02CA}.Release|Any CPU.ActiveCfg = Release|Any CPU
		{ECA5186F-D2ED-4820-B207-880B2C4E02CA}.Release|Any CPU.Build.0 = Release|Any CPU
		{A882FC57-8608-48FF-8DAF-164507608623}.Debug|Any CPU.ActiveCfg = Debug|Any CPU
		{A882FC57-8608-48FF-8DAF-164507608623}.Debug|Any CPU.Build.0 = Debug|Any CPU
		{A882FC57-8608-48FF-8DAF-164507608623}.Debug32|Any CPU.ActiveCfg = Debug|Any CPU
		{A882FC57-8608-48FF-8DAF-164507608623}.Debug32|Any CPU.Build.0 = Debug|Any CPU
		{A882FC57-8608-48FF-8DAF-164507608623}.Debug64|Any CPU.ActiveCfg = Debug|Any CPU
		{A882FC57-8608-48FF-8DAF-164507608623}.Debug64|Any CPU.Build.0 = Debug|Any CPU
		{A882FC57-8608-48FF-8DAF-164507608623}.Release|Any CPU.ActiveCfg = Release|Any CPU
		{A882FC57-8608-48FF-8DAF-164507608623}.Release|Any CPU.Build.0 = Release|Any CPU
	EndGlobalSection
	GlobalSection(SolutionProperties) = preSolution
		HideSolutionNode = FALSE
	EndGlobalSection
EndGlobal
