
Microsoft Visual Studio Solution File, Format Version 12.00
# Visual Studio 14
VisualStudioVersion = 14.0.23107.0
MinimumVisualStudioVersion = 10.0.40219.1
Project("{FAE04EC0-301F-11D3-BF4B-00C04F79EFBC}") = "Salamander", "NEWT\Salamander.csproj", "{55D9743E-6F9B-4B89-B3DE-18B03C4CFE61}"
EndProject
Project("{FAE04EC0-301F-11D3-BF4B-00C04F79EFBC}") = "FreeBuild", "..\..\FreeBuild\FreeBuild\FreeBuild\FreeBuild.csproj", "{7635522C-178F-4DB5-9106-FF8DFD4B833B}"
EndProject
Project("{FAE04EC0-301F-11D3-BF4B-00C04F79EFBC}") = "Salamander.RhinoCommon", "Newt.RhinoCommon\Salamander.RhinoCommon.csproj", "{EB529CBA-2AF1-4952-B0E8-8BAA1FE9FDE5}"
EndProject
Project("{FAE04EC0-301F-11D3-BF4B-00C04F79EFBC}") = "Salamander.Rhino", "Newt.Rhino\Salamander.Rhino.csproj", "{31EF1C91-653D-406D-A253-F39547C8F45A}"
	ProjectSection(ProjectDependencies) = postProject
		{6172F272-9DBD-427C-B858-186634C6FFED} = {6172F272-9DBD-427C-B858-186634C6FFED}
		{73C76479-4F9D-48E1-A4FE-203821FB800C} = {73C76479-4F9D-48E1-A4FE-203821FB800C}
		{77A7C389-8C84-411C-88AE-6E61340B1B00} = {77A7C389-8C84-411C-88AE-6E61340B1B00}
		{AEB92DAD-98FE-4709-A0C5-D115E4FB2B18} = {AEB92DAD-98FE-4709-A0C5-D115E4FB2B18}
	EndProjectSection
EndProject
Project("{FAE04EC0-301F-11D3-BF4B-00C04F79EFBC}") = "Salamander.UI", "Newt.UI\Salamander.UI.csproj", "{73C76479-4F9D-48E1-A4FE-203821FB800C}"
EndProject
Project("{FAE04EC0-301F-11D3-BF4B-00C04F79EFBC}") = "Salamander.Grasshopper", "Newt.Grasshopper\Salamander.Grasshopper.csproj", "{77A7C389-8C84-411C-88AE-6E61340B1B00}"
EndProject
Project("{FAE04EC0-301F-11D3-BF4B-00C04F79EFBC}") = "Salamander.BasicTools", "Newt.TestPlugin\Salamander.BasicTools.csproj", "{AEB92DAD-98FE-4709-A0C5-D115E4FB2B18}"
EndProject
Project("{FAE04EC0-301F-11D3-BF4B-00C04F79EFBC}") = "Salamander.BasicToolsGH", "TestPluginGH\Salamander.BasicToolsGH.csproj", "{6172F272-9DBD-427C-B858-186634C6FFED}"
EndProject
Project("{FAE04EC0-301F-11D3-BF4B-00C04F79EFBC}") = "FreeBuild.Excel", "..\..\FreeBuild\FreeBuild\FreeBuild.Excel\FreeBuild.Excel.csproj", "{A86503CF-0FA6-434C-A546-93D12D1AD45C}"
EndProject
Project("{FAE04EC0-301F-11D3-BF4B-00C04F79EFBC}") = "FreeBuild.Rhino", "..\..\FreeBuild\FreeBuild\FreeBuild.Rhino\FreeBuild.Rhino.csproj", "{2595E792-7880-484B-877D-9873AAC7D946}"
EndProject
Project("{FAE04EC0-301F-11D3-BF4B-00C04F79EFBC}") = "Freebuild.WPF", "..\..\FreeBuild\FreeBuild\Freebuild.WPF\Freebuild.WPF.csproj", "{E2D93282-51BD-4317-8D13-363347065F8B}"
EndProject
Project("{FAE04EC0-301F-11D3-BF4B-00C04F79EFBC}") = "FreeBuild.Robot", "..\..\FreeBuild\FreeBuild\FreeBuild.Robot\FreeBuild.Robot.csproj", "{827A1CE7-6EDA-431E-BD5A-665AA7918439}"
EndProject
Project("{FAE04EC0-301F-11D3-BF4B-00C04F79EFBC}") = "Salamander.RobotIOPlugin", "Newt.RobotIOPlugin\Salamander.RobotIOPlugin.csproj", "{AA3A00FC-FC95-4BB5-B129-563B48F6DDBC}"
EndProject
Project("{FAE04EC0-301F-11D3-BF4B-00C04F79EFBC}") = "Salamander.Rhino.RobotImport", "Salamander.Rhino.RobotImport\Salamander.Rhino.RobotImport.csproj", "{F2201CF6-2166-4167-9138-21D6E3969571}"
EndProject
Project("{FAE04EC0-301F-11D3-BF4B-00C04F79EFBC}") = "Salamander.Revit", "Salamander.Revit\Salamander.Revit.csproj", "{D9307A44-9C1E-42D2-82B6-5342F2F95022}"
EndProject
Project("{FAE04EC0-301F-11D3-BF4B-00C04F79EFBC}") = "FreeBuild.Revit", "..\..\FreeBuild\FreeBuild\FreeBuild.Revit\FreeBuild.Revit.csproj", "{E4E2CE0F-C3CF-4EA2-A5C2-E06B49939604}"
EndProject
Global
	GlobalSection(SolutionConfigurationPlatforms) = preSolution
		Debug|Any CPU = Debug|Any CPU
		Debug32|Any CPU = Debug32|Any CPU
		Debug64|Any CPU = Debug64|Any CPU
		Release|Any CPU = Release|Any CPU
	EndGlobalSection
	GlobalSection(ProjectConfigurationPlatforms) = postSolution
		{55D9743E-6F9B-4B89-B3DE-18B03C4CFE61}.Debug|Any CPU.ActiveCfg = Debug|Any CPU
		{55D9743E-6F9B-4B89-B3DE-18B03C4CFE61}.Debug|Any CPU.Build.0 = Debug|Any CPU
		{55D9743E-6F9B-4B89-B3DE-18B03C4CFE61}.Debug32|Any CPU.ActiveCfg = Debug|Any CPU
		{55D9743E-6F9B-4B89-B3DE-18B03C4CFE61}.Debug32|Any CPU.Build.0 = Debug|Any CPU
		{55D9743E-6F9B-4B89-B3DE-18B03C4CFE61}.Debug64|Any CPU.ActiveCfg = Debug|Any CPU
		{55D9743E-6F9B-4B89-B3DE-18B03C4CFE61}.Debug64|Any CPU.Build.0 = Debug|Any CPU
		{55D9743E-6F9B-4B89-B3DE-18B03C4CFE61}.Release|Any CPU.ActiveCfg = Release|Any CPU
		{55D9743E-6F9B-4B89-B3DE-18B03C4CFE61}.Release|Any CPU.Build.0 = Release|Any CPU
		{7635522C-178F-4DB5-9106-FF8DFD4B833B}.Debug|Any CPU.ActiveCfg = Debug|Any CPU
		{7635522C-178F-4DB5-9106-FF8DFD4B833B}.Debug|Any CPU.Build.0 = Debug|Any CPU
		{7635522C-178F-4DB5-9106-FF8DFD4B833B}.Debug32|Any CPU.ActiveCfg = Debug|Any CPU
		{7635522C-178F-4DB5-9106-FF8DFD4B833B}.Debug32|Any CPU.Build.0 = Debug|Any CPU
		{7635522C-178F-4DB5-9106-FF8DFD4B833B}.Debug64|Any CPU.ActiveCfg = Debug|Any CPU
		{7635522C-178F-4DB5-9106-FF8DFD4B833B}.Debug64|Any CPU.Build.0 = Debug|Any CPU
		{7635522C-178F-4DB5-9106-FF8DFD4B833B}.Release|Any CPU.ActiveCfg = Release|Any CPU
		{7635522C-178F-4DB5-9106-FF8DFD4B833B}.Release|Any CPU.Build.0 = Release|Any CPU
		{EB529CBA-2AF1-4952-B0E8-8BAA1FE9FDE5}.Debug|Any CPU.ActiveCfg = Debug|Any CPU
		{EB529CBA-2AF1-4952-B0E8-8BAA1FE9FDE5}.Debug|Any CPU.Build.0 = Debug|Any CPU
		{EB529CBA-2AF1-4952-B0E8-8BAA1FE9FDE5}.Debug32|Any CPU.ActiveCfg = Debug|Any CPU
		{EB529CBA-2AF1-4952-B0E8-8BAA1FE9FDE5}.Debug32|Any CPU.Build.0 = Debug|Any CPU
		{EB529CBA-2AF1-4952-B0E8-8BAA1FE9FDE5}.Debug64|Any CPU.ActiveCfg = Debug|Any CPU
		{EB529CBA-2AF1-4952-B0E8-8BAA1FE9FDE5}.Debug64|Any CPU.Build.0 = Debug|Any CPU
		{EB529CBA-2AF1-4952-B0E8-8BAA1FE9FDE5}.Release|Any CPU.ActiveCfg = Release|Any CPU
		{EB529CBA-2AF1-4952-B0E8-8BAA1FE9FDE5}.Release|Any CPU.Build.0 = Release|Any CPU
		{31EF1C91-653D-406D-A253-F39547C8F45A}.Debug|Any CPU.ActiveCfg = Debug64|Any CPU
		{31EF1C91-653D-406D-A253-F39547C8F45A}.Debug|Any CPU.Build.0 = Debug64|Any CPU
		{31EF1C91-653D-406D-A253-F39547C8F45A}.Debug32|Any CPU.ActiveCfg = Debug32|Any CPU
		{31EF1C91-653D-406D-A253-F39547C8F45A}.Debug32|Any CPU.Build.0 = Debug32|Any CPU
		{31EF1C91-653D-406D-A253-F39547C8F45A}.Debug64|Any CPU.ActiveCfg = Debug64|Any CPU
		{31EF1C91-653D-406D-A253-F39547C8F45A}.Debug64|Any CPU.Build.0 = Debug64|Any CPU
		{31EF1C91-653D-406D-A253-F39547C8F45A}.Release|Any CPU.ActiveCfg = Release|Any CPU
		{31EF1C91-653D-406D-A253-F39547C8F45A}.Release|Any CPU.Build.0 = Release|Any CPU
		{73C76479-4F9D-48E1-A4FE-203821FB800C}.Debug|Any CPU.ActiveCfg = Debug|Any CPU
		{73C76479-4F9D-48E1-A4FE-203821FB800C}.Debug|Any CPU.Build.0 = Debug|Any CPU
		{73C76479-4F9D-48E1-A4FE-203821FB800C}.Debug32|Any CPU.ActiveCfg = Debug|Any CPU
		{73C76479-4F9D-48E1-A4FE-203821FB800C}.Debug32|Any CPU.Build.0 = Debug|Any CPU
		{73C76479-4F9D-48E1-A4FE-203821FB800C}.Debug64|Any CPU.ActiveCfg = Debug|Any CPU
		{73C76479-4F9D-48E1-A4FE-203821FB800C}.Debug64|Any CPU.Build.0 = Debug|Any CPU
		{73C76479-4F9D-48E1-A4FE-203821FB800C}.Release|Any CPU.ActiveCfg = Release|Any CPU
		{73C76479-4F9D-48E1-A4FE-203821FB800C}.Release|Any CPU.Build.0 = Release|Any CPU
		{77A7C389-8C84-411C-88AE-6E61340B1B00}.Debug|Any CPU.ActiveCfg = Debug64|Any CPU
		{77A7C389-8C84-411C-88AE-6E61340B1B00}.Debug|Any CPU.Build.0 = Debug64|Any CPU
		{77A7C389-8C84-411C-88AE-6E61340B1B00}.Debug32|Any CPU.ActiveCfg = Debug32|Any CPU
		{77A7C389-8C84-411C-88AE-6E61340B1B00}.Debug32|Any CPU.Build.0 = Debug32|Any CPU
		{77A7C389-8C84-411C-88AE-6E61340B1B00}.Debug64|Any CPU.ActiveCfg = Debug64|Any CPU
		{77A7C389-8C84-411C-88AE-6E61340B1B00}.Debug64|Any CPU.Build.0 = Debug64|Any CPU
		{77A7C389-8C84-411C-88AE-6E61340B1B00}.Release|Any CPU.ActiveCfg = Release|Any CPU
		{77A7C389-8C84-411C-88AE-6E61340B1B00}.Release|Any CPU.Build.0 = Release|Any CPU
		{AEB92DAD-98FE-4709-A0C5-D115E4FB2B18}.Debug|Any CPU.ActiveCfg = Debug|Any CPU
		{AEB92DAD-98FE-4709-A0C5-D115E4FB2B18}.Debug|Any CPU.Build.0 = Debug|Any CPU
		{AEB92DAD-98FE-4709-A0C5-D115E4FB2B18}.Debug32|Any CPU.ActiveCfg = Debug|Any CPU
		{AEB92DAD-98FE-4709-A0C5-D115E4FB2B18}.Debug32|Any CPU.Build.0 = Debug|Any CPU
		{AEB92DAD-98FE-4709-A0C5-D115E4FB2B18}.Debug64|Any CPU.ActiveCfg = Debug|Any CPU
		{AEB92DAD-98FE-4709-A0C5-D115E4FB2B18}.Debug64|Any CPU.Build.0 = Debug|Any CPU
		{AEB92DAD-98FE-4709-A0C5-D115E4FB2B18}.Release|Any CPU.ActiveCfg = Release|Any CPU
		{AEB92DAD-98FE-4709-A0C5-D115E4FB2B18}.Release|Any CPU.Build.0 = Release|Any CPU
		{6172F272-9DBD-427C-B858-186634C6FFED}.Debug|Any CPU.ActiveCfg = Debug64|Any CPU
		{6172F272-9DBD-427C-B858-186634C6FFED}.Debug|Any CPU.Build.0 = Debug64|Any CPU
		{6172F272-9DBD-427C-B858-186634C6FFED}.Debug32|Any CPU.ActiveCfg = Debug32|Any CPU
		{6172F272-9DBD-427C-B858-186634C6FFED}.Debug32|Any CPU.Build.0 = Debug32|Any CPU
		{6172F272-9DBD-427C-B858-186634C6FFED}.Debug64|Any CPU.ActiveCfg = Debug64|Any CPU
		{6172F272-9DBD-427C-B858-186634C6FFED}.Debug64|Any CPU.Build.0 = Debug64|Any CPU
		{6172F272-9DBD-427C-B858-186634C6FFED}.Release|Any CPU.ActiveCfg = Release|Any CPU
		{6172F272-9DBD-427C-B858-186634C6FFED}.Release|Any CPU.Build.0 = Release|Any CPU
		{A86503CF-0FA6-434C-A546-93D12D1AD45C}.Debug|Any CPU.ActiveCfg = Debug|Any CPU
		{A86503CF-0FA6-434C-A546-93D12D1AD45C}.Debug|Any CPU.Build.0 = Debug|Any CPU
		{A86503CF-0FA6-434C-A546-93D12D1AD45C}.Debug32|Any CPU.ActiveCfg = Debug|Any CPU
		{A86503CF-0FA6-434C-A546-93D12D1AD45C}.Debug32|Any CPU.Build.0 = Debug|Any CPU
		{A86503CF-0FA6-434C-A546-93D12D1AD45C}.Debug64|Any CPU.ActiveCfg = Debug|Any CPU
		{A86503CF-0FA6-434C-A546-93D12D1AD45C}.Debug64|Any CPU.Build.0 = Debug|Any CPU
		{A86503CF-0FA6-434C-A546-93D12D1AD45C}.Release|Any CPU.ActiveCfg = Release|Any CPU
		{A86503CF-0FA6-434C-A546-93D12D1AD45C}.Release|Any CPU.Build.0 = Release|Any CPU
		{2595E792-7880-484B-877D-9873AAC7D946}.Debug|Any CPU.ActiveCfg = Debug|Any CPU
		{2595E792-7880-484B-877D-9873AAC7D946}.Debug|Any CPU.Build.0 = Debug|Any CPU
		{2595E792-7880-484B-877D-9873AAC7D946}.Debug32|Any CPU.ActiveCfg = Debug|Any CPU
		{2595E792-7880-484B-877D-9873AAC7D946}.Debug32|Any CPU.Build.0 = Debug|Any CPU
		{2595E792-7880-484B-877D-9873AAC7D946}.Debug64|Any CPU.ActiveCfg = Debug|Any CPU
		{2595E792-7880-484B-877D-9873AAC7D946}.Debug64|Any CPU.Build.0 = Debug|Any CPU
		{2595E792-7880-484B-877D-9873AAC7D946}.Release|Any CPU.ActiveCfg = Release|Any CPU
		{2595E792-7880-484B-877D-9873AAC7D946}.Release|Any CPU.Build.0 = Release|Any CPU
		{E2D93282-51BD-4317-8D13-363347065F8B}.Debug|Any CPU.ActiveCfg = Debug|Any CPU
		{E2D93282-51BD-4317-8D13-363347065F8B}.Debug|Any CPU.Build.0 = Debug|Any CPU
		{E2D93282-51BD-4317-8D13-363347065F8B}.Debug32|Any CPU.ActiveCfg = Debug|Any CPU
		{E2D93282-51BD-4317-8D13-363347065F8B}.Debug32|Any CPU.Build.0 = Debug|Any CPU
		{E2D93282-51BD-4317-8D13-363347065F8B}.Debug64|Any CPU.ActiveCfg = Debug|Any CPU
		{E2D93282-51BD-4317-8D13-363347065F8B}.Debug64|Any CPU.Build.0 = Debug|Any CPU
		{E2D93282-51BD-4317-8D13-363347065F8B}.Release|Any CPU.ActiveCfg = Release|Any CPU
		{E2D93282-51BD-4317-8D13-363347065F8B}.Release|Any CPU.Build.0 = Release|Any CPU
		{827A1CE7-6EDA-431E-BD5A-665AA7918439}.Debug|Any CPU.ActiveCfg = Debug|Any CPU
		{827A1CE7-6EDA-431E-BD5A-665AA7918439}.Debug|Any CPU.Build.0 = Debug|Any CPU
		{827A1CE7-6EDA-431E-BD5A-665AA7918439}.Debug32|Any CPU.ActiveCfg = Debug|Any CPU
		{827A1CE7-6EDA-431E-BD5A-665AA7918439}.Debug32|Any CPU.Build.0 = Debug|Any CPU
		{827A1CE7-6EDA-431E-BD5A-665AA7918439}.Debug64|Any CPU.ActiveCfg = Debug|Any CPU
		{827A1CE7-6EDA-431E-BD5A-665AA7918439}.Debug64|Any CPU.Build.0 = Debug|Any CPU
		{827A1CE7-6EDA-431E-BD5A-665AA7918439}.Release|Any CPU.ActiveCfg = Release|Any CPU
		{827A1CE7-6EDA-431E-BD5A-665AA7918439}.Release|Any CPU.Build.0 = Release|Any CPU
		{AA3A00FC-FC95-4BB5-B129-563B48F6DDBC}.Debug|Any CPU.ActiveCfg = Debug|Any CPU
		{AA3A00FC-FC95-4BB5-B129-563B48F6DDBC}.Debug|Any CPU.Build.0 = Debug|Any CPU
		{AA3A00FC-FC95-4BB5-B129-563B48F6DDBC}.Debug32|Any CPU.ActiveCfg = Debug|Any CPU
		{AA3A00FC-FC95-4BB5-B129-563B48F6DDBC}.Debug32|Any CPU.Build.0 = Debug|Any CPU
		{AA3A00FC-FC95-4BB5-B129-563B48F6DDBC}.Debug64|Any CPU.ActiveCfg = Debug|Any CPU
		{AA3A00FC-FC95-4BB5-B129-563B48F6DDBC}.Debug64|Any CPU.Build.0 = Debug|Any CPU
		{AA3A00FC-FC95-4BB5-B129-563B48F6DDBC}.Release|Any CPU.ActiveCfg = Release|Any CPU
		{AA3A00FC-FC95-4BB5-B129-563B48F6DDBC}.Release|Any CPU.Build.0 = Release|Any CPU
		{F2201CF6-2166-4167-9138-21D6E3969571}.Debug|Any CPU.ActiveCfg = Debug64|Any CPU
		{F2201CF6-2166-4167-9138-21D6E3969571}.Debug|Any CPU.Build.0 = Debug64|Any CPU
		{F2201CF6-2166-4167-9138-21D6E3969571}.Debug32|Any CPU.ActiveCfg = Debug32|Any CPU
		{F2201CF6-2166-4167-9138-21D6E3969571}.Debug32|Any CPU.Build.0 = Debug32|Any CPU
		{F2201CF6-2166-4167-9138-21D6E3969571}.Debug64|Any CPU.ActiveCfg = Debug64|Any CPU
		{F2201CF6-2166-4167-9138-21D6E3969571}.Debug64|Any CPU.Build.0 = Debug64|Any CPU
		{F2201CF6-2166-4167-9138-21D6E3969571}.Release|Any CPU.ActiveCfg = Release|Any CPU
		{F2201CF6-2166-4167-9138-21D6E3969571}.Release|Any CPU.Build.0 = Release|Any CPU
		{D9307A44-9C1E-42D2-82B6-5342F2F95022}.Debug|Any CPU.ActiveCfg = Debug|Any CPU
		{D9307A44-9C1E-42D2-82B6-5342F2F95022}.Debug|Any CPU.Build.0 = Debug|Any CPU
		{D9307A44-9C1E-42D2-82B6-5342F2F95022}.Debug32|Any CPU.ActiveCfg = Debug|Any CPU
		{D9307A44-9C1E-42D2-82B6-5342F2F95022}.Debug32|Any CPU.Build.0 = Debug|Any CPU
		{D9307A44-9C1E-42D2-82B6-5342F2F95022}.Debug64|Any CPU.ActiveCfg = Debug|Any CPU
		{D9307A44-9C1E-42D2-82B6-5342F2F95022}.Debug64|Any CPU.Build.0 = Debug|Any CPU
		{D9307A44-9C1E-42D2-82B6-5342F2F95022}.Release|Any CPU.ActiveCfg = Release|Any CPU
		{D9307A44-9C1E-42D2-82B6-5342F2F95022}.Release|Any CPU.Build.0 = Release|Any CPU
		{E4E2CE0F-C3CF-4EA2-A5C2-E06B49939604}.Debug|Any CPU.ActiveCfg = Debug|Any CPU
		{E4E2CE0F-C3CF-4EA2-A5C2-E06B49939604}.Debug|Any CPU.Build.0 = Debug|Any CPU
		{E4E2CE0F-C3CF-4EA2-A5C2-E06B49939604}.Debug32|Any CPU.ActiveCfg = Debug|Any CPU
		{E4E2CE0F-C3CF-4EA2-A5C2-E06B49939604}.Debug32|Any CPU.Build.0 = Debug|Any CPU
		{E4E2CE0F-C3CF-4EA2-A5C2-E06B49939604}.Debug64|Any CPU.ActiveCfg = Debug|Any CPU
		{E4E2CE0F-C3CF-4EA2-A5C2-E06B49939604}.Debug64|Any CPU.Build.0 = Debug|Any CPU
		{E4E2CE0F-C3CF-4EA2-A5C2-E06B49939604}.Release|Any CPU.ActiveCfg = Release|Any CPU
		{E4E2CE0F-C3CF-4EA2-A5C2-E06B49939604}.Release|Any CPU.Build.0 = Release|Any CPU
	EndGlobalSection
	GlobalSection(SolutionProperties) = preSolution
		HideSolutionNode = FALSE
	EndGlobalSection
EndGlobal
